
Microsoft Visual Studio Solution File, Format Version 12.00
# Visual Studio 15
VisualStudioVersion = 15.0.27130.2027
MinimumVisualStudioVersion = 10.0.40219.1
Project("{FAE04EC0-301F-11D3-BF4B-00C04F79EFBC}") = "SitemapTester.WebUI", "SitemapTester.WebUI\SitemapTester.WebUI.csproj", "{D8AF68C1-7FF9-4EE8-899C-DF1D73040E1B}"
EndProject
Project("{FAE04EC0-301F-11D3-BF4B-00C04F79EFBC}") = "SitemapTester.Domain", "SitemapTester.Domain\SitemapTester.Domain.csproj", "{3E72BFB8-1C0A-408A-957F-E8CE461855DA}"
EndProject
Global
	GlobalSection(SolutionConfigurationPlatforms) = preSolution
		Debug|Any CPU = Debug|Any CPU
		Debug|ARM = Debug|ARM
		Debug|x64 = Debug|x64
		Debug|x86 = Debug|x86
		Release|Any CPU = Release|Any CPU
		Release|ARM = Release|ARM
		Release|x64 = Release|x64
		Release|x86 = Release|x86
	EndGlobalSection
	GlobalSection(ProjectConfigurationPlatforms) = postSolution
		{D8AF68C1-7FF9-4EE8-899C-DF1D73040E1B}.Debug|Any CPU.ActiveCfg = Debug|Any CPU
		{D8AF68C1-7FF9-4EE8-899C-DF1D73040E1B}.Debug|Any CPU.Build.0 = Debug|Any CPU
		{D8AF68C1-7FF9-4EE8-899C-DF1D73040E1B}.Debug|ARM.ActiveCfg = Debug|Any CPU
		{D8AF68C1-7FF9-4EE8-899C-DF1D73040E1B}.Debug|ARM.Build.0 = Debug|Any CPU
		{D8AF68C1-7FF9-4EE8-899C-DF1D73040E1B}.Debug|x64.ActiveCfg = Debug|Any CPU
		{D8AF68C1-7FF9-4EE8-899C-DF1D73040E1B}.Debug|x64.Build.0 = Debug|Any CPU
		{D8AF68C1-7FF9-4EE8-899C-DF1D73040E1B}.Debug|x86.ActiveCfg = Debug|Any CPU
		{D8AF68C1-7FF9-4EE8-899C-DF1D73040E1B}.Debug|x86.Build.0 = Debug|Any CPU
		{D8AF68C1-7FF9-4EE8-899C-DF1D73040E1B}.Release|Any CPU.ActiveCfg = Release|Any CPU
		{D8AF68C1-7FF9-4EE8-899C-DF1D73040E1B}.Release|Any CPU.Build.0 = Release|Any CPU
		{D8AF68C1-7FF9-4EE8-899C-DF1D73040E1B}.Release|ARM.ActiveCfg = Release|Any CPU
		{D8AF68C1-7FF9-4EE8-899C-DF1D73040E1B}.Release|ARM.Build.0 = Release|Any CPU
		{D8AF68C1-7FF9-4EE8-899C-DF1D73040E1B}.Release|x64.ActiveCfg = Release|Any CPU
		{D8AF68C1-7FF9-4EE8-899C-DF1D73040E1B}.Release|x64.Build.0 = Release|Any CPU
		{D8AF68C1-7FF9-4EE8-899C-DF1D73040E1B}.Release|x86.ActiveCfg = Release|Any CPU
		{D8AF68C1-7FF9-4EE8-899C-DF1D73040E1B}.Release|x86.Build.0 = Release|Any CPU
		{3E72BFB8-1C0A-408A-957F-E8CE461855DA}.Debug|Any CPU.ActiveCfg = Debug|Any CPU
		{3E72BFB8-1C0A-408A-957F-E8CE461855DA}.Debug|Any CPU.Build.0 = Debug|Any CPU
		{3E72BFB8-1C0A-408A-957F-E8CE461855DA}.Debug|ARM.ActiveCfg = Debug|Any CPU
		{3E72BFB8-1C0A-408A-957F-E8CE461855DA}.Debug|ARM.Build.0 = Debug|Any CPU
		{3E72BFB8-1C0A-408A-957F-E8CE461855DA}.Debug|x64.ActiveCfg = Debug|Any CPU
		{3E72BFB8-1C0A-408A-957F-E8CE461855DA}.Debug|x64.Build.0 = Debug|Any CPU
		{3E72BFB8-1C0A-408A-957F-E8CE461855DA}.Debug|x86.ActiveCfg = Debug|Any CPU
		{3E72BFB8-1C0A-408A-957F-E8CE461855DA}.Debug|x86.Build.0 = Debug|Any CPU
		{3E72BFB8-1C0A-408A-957F-E8CE461855DA}.Release|Any CPU.ActiveCfg = Release|Any CPU
		{3E72BFB8-1C0A-408A-957F-E8CE461855DA}.Release|Any CPU.Build.0 = Release|Any CPU
		{3E72BFB8-1C0A-408A-957F-E8CE461855DA}.Release|ARM.ActiveCfg = Release|Any CPU
		{3E72BFB8-1C0A-408A-957F-E8CE461855DA}.Release|ARM.Build.0 = Release|Any CPU
		{3E72BFB8-1C0A-408A-957F-E8CE461855DA}.Release|x64.ActiveCfg = Release|Any CPU
		{3E72BFB8-1C0A-408A-957F-E8CE461855DA}.Release|x64.Build.0 = Release|Any CPU
		{3E72BFB8-1C0A-408A-957F-E8CE461855DA}.Release|x86.ActiveCfg = Release|Any CPU
		{3E72BFB8-1C0A-408A-957F-E8CE461855DA}.Release|x86.Build.0 = Release|Any CPU
	EndGlobalSection
	GlobalSection(SolutionProperties) = preSolution
		HideSolutionNode = FALSE
	EndGlobalSection
	GlobalSection(ExtensibilityGlobals) = postSolution
		SolutionGuid = {5406BB8B-E6AE-4228-A43C-C1197A0491AE}
	EndGlobalSection
EndGlobal
